
Microsoft Visual Studio Solution File, Format Version 12.00
# Visual Studio 15
VisualStudioVersion = 15.0.28307.489
MinimumVisualStudioVersion = 10.0.40219.1
Project("{FAE04EC0-301F-11D3-BF4B-00C04F79EFBC}") = "Reso_OrderAPI", "Reso_OrderAPI\Reso_OrderAPI.csproj", "{5115DC5A-9403-46E4-939E-797E45A194D2}"
EndProject
Project("{9A19103F-16F7-4668-BE54-9A1E7A4F7556}") = "DataService", "DataService\DataService.csproj", "{DDFE6904-0506-449D-89DD-246B7ED2A7EC}"
EndProject
Global
	GlobalSection(SolutionConfigurationPlatforms) = preSolution
		Debug|Any CPU = Debug|Any CPU
		Release|Any CPU = Release|Any CPU
	EndGlobalSection
	GlobalSection(ProjectConfigurationPlatforms) = postSolution
		{5115DC5A-9403-46E4-939E-797E45A194D2}.Debug|Any CPU.ActiveCfg = Debug|Any CPU
		{5115DC5A-9403-46E4-939E-797E45A194D2}.Debug|Any CPU.Build.0 = Debug|Any CPU
		{5115DC5A-9403-46E4-939E-797E45A194D2}.Release|Any CPU.ActiveCfg = Release|Any CPU
		{5115DC5A-9403-46E4-939E-797E45A194D2}.Release|Any CPU.Build.0 = Release|Any CPU
		{DDFE6904-0506-449D-89DD-246B7ED2A7EC}.Debug|Any CPU.ActiveCfg = Debug|Any CPU
		{DDFE6904-0506-449D-89DD-246B7ED2A7EC}.Debug|Any CPU.Build.0 = Debug|Any CPU
		{DDFE6904-0506-449D-89DD-246B7ED2A7EC}.Release|Any CPU.ActiveCfg = Release|Any CPU
		{DDFE6904-0506-449D-89DD-246B7ED2A7EC}.Release|Any CPU.Build.0 = Release|Any CPU
	EndGlobalSection
	GlobalSection(SolutionProperties) = preSolution
		HideSolutionNode = FALSE
	EndGlobalSection
	GlobalSection(ExtensibilityGlobals) = postSolution
		SolutionGuid = {5C20EDD8-5B98-419A-B025-AF0FD1C8C7EA}
	EndGlobalSection
EndGlobal
